{
  "version": "4",
  "redirects": {
    "https://esm.sh/@types/combined-stream@~1.0.6/index.d.ts": "https://esm.sh/@types/combined-stream@1.0.6/index.d.ts",
    "https://esm.sh/@types/debug@~4.1.12/index.d.ts": "https://esm.sh/@types/debug@4.1.12/index.d.ts",
    "https://esm.sh/@types/follow-redirects@~1.14.4/index.d.ts": "https://esm.sh/@types/follow-redirects@1.14.4/index.d.ts",
    "https://esm.sh/@types/mime-types@~2.1.4/index.d.ts": "https://esm.sh/@types/mime-types@2.1.4/index.d.ts",
    "https://esm.sh/@types/object-hash@~3.0.6/index.d.ts": "https://esm.sh/@types/object-hash@3.0.6/index.d.ts",
    "https://esm.sh/@types/proxy-from-env@~1.0.4/index.d.ts": "https://esm.sh/@types/proxy-from-env@1.0.4/index.d.ts",
    "https://esm.sh/@types/retry@~0.12.5/index.d.ts": "https://esm.sh/@types/retry@0.12.5/index.d.ts",
    "https://esm.sh/@types/uuid@~9.0.8/index.d.mts": "https://esm.sh/@types/uuid@9.0.8/index.d.mts",
    "https://esm.sh/ansi-styles@^5.0.0?target=denonext": "https://esm.sh/ansi-styles@5.2.0?target=denonext",
    "https://esm.sh/asynckit@^0.4.0?target=denonext": "https://esm.sh/asynckit@0.4.0?target=denonext",
    "https://esm.sh/axios?target=denonext": "https://esm.sh/axios@1.7.9?target=denonext",
    "https://esm.sh/axios@^0.26.0?target=denonext": "https://esm.sh/axios@0.26.1?target=denonext",
    "https://esm.sh/base64-js@^1.5.1?target=denonext": "https://esm.sh/base64-js@1.5.1?target=denonext",
    "https://esm.sh/combined-stream@^1.0.8?target=denonext": "https://esm.sh/combined-stream@1.0.8?target=denonext",
    "https://esm.sh/debug?target=denonext": "https://esm.sh/debug@4.4.0?target=denonext",
    "https://esm.sh/delayed-stream@~1.0.0?target=denonext": "https://esm.sh/delayed-stream@1.0.0?target=denonext",
    "https://esm.sh/eventemitter3@^4.0.4?target=denonext": "https://esm.sh/eventemitter3@4.0.7?target=denonext",
    "https://esm.sh/follow-redirects@^1.14.8?target=denonext": "https://esm.sh/follow-redirects@1.15.9?target=denonext",
    "https://esm.sh/follow-redirects@^1.15.6?target=denonext": "https://esm.sh/follow-redirects@1.15.9?target=denonext",
    "https://esm.sh/form-data@^4.0.0?target=denonext": "https://esm.sh/form-data@4.0.1?target=denonext",
    "https://esm.sh/js-tiktoken@^1.0.6/lite?target=denonext": "https://esm.sh/js-tiktoken@1.0.16/lite?target=denonext",
    "https://esm.sh/langchain": "https://esm.sh/langchain@0.3.15",
    "https://esm.sh/mime-types@^2.1.12?target=denonext": "https://esm.sh/mime-types@2.1.35?target=denonext",
    "https://esm.sh/ms@^2.1.3?target=denonext": "https://esm.sh/ms@2.1.3?target=denonext",
    "https://esm.sh/object-hash@^3.0.0?target=denonext": "https://esm.sh/object-hash@3.0.0?target=denonext",
    "https://esm.sh/openai@^3.2.0?target=denonext": "https://esm.sh/openai@3.3.0?target=denonext",
    "https://esm.sh/p-finally@^1.0.0?target=denonext": "https://esm.sh/p-finally@1.0.0?target=denonext",
    "https://esm.sh/p-queue@^6.6.2?target=denonext": "https://esm.sh/p-queue@6.6.2?target=denonext",
    "https://esm.sh/p-retry@4?target=denonext": "https://esm.sh/p-retry@4.6.2?target=denonext",
    "https://esm.sh/p-timeout@^3.2.0?target=denonext": "https://esm.sh/p-timeout@3.2.0?target=denonext",
    "https://esm.sh/proxy-from-env@^1.1.0?target=denonext": "https://esm.sh/proxy-from-env@1.1.0?target=denonext",
    "https://esm.sh/retry@^0.13.1?target=denonext": "https://esm.sh/retry@0.13.1?target=denonext",
    "https://esm.sh/supports-color?target=denonext": "https://esm.sh/supports-color@10.0.0?target=denonext",
    "https://esm.sh/uuid@^9.0.0?target=denonext": "https://esm.sh/uuid@9.0.1?target=denonext"
  },
  "remote": {
    "https://deno.land/std@0.150.0/media_types/_util.ts": "ce9b4fc4ba1c447dafab619055e20fd88236ca6bdd7834a21f98bd193c3fbfa1",
    "https://deno.land/std@0.150.0/media_types/mod.ts": "2d4b6f32a087029272dc59e0a55ae3cc4d1b27b794ccf528e94b1925795b3118",
    "https://deno.land/std@0.150.0/media_types/vendor/mime-db.v1.52.0.ts": "724cee25fa40f1a52d3937d6b4fbbfdd7791ff55e1b7ac08d9319d5632c7f5af",
    "https://deno.land/std@0.161.0/encoding/base64.ts": "c57868ca7fa2fbe919f57f88a623ad34e3d970d675bdc1ff3a9d02bba7409db2",
    "https://deno.land/std@0.208.0/assert/assert.ts": "9a97dad6d98c238938e7540736b826440ad8c1c1e54430ca4c4e623e585607ee",
    "https://deno.land/std@0.208.0/assert/assertion_error.ts": "4d0bde9b374dfbcbe8ac23f54f567b77024fb67dbb1906a852d67fe050d42f56",
    "https://deno.land/std@0.208.0/dotenv/mod.ts": "039468f5c87d39b69d7ca6c3d68ebca82f206ec0ff5e011d48205eea292ea5a6",
    "https://deno.land/std@0.208.0/path/_common/assert_path.ts": "061e4d093d4ba5aebceb2c4da3318bfe3289e868570e9d3a8e327d91c2958946",
    "https://deno.land/std@0.208.0/path/_common/basename.ts": "0d978ff818f339cd3b1d09dc914881f4d15617432ae519c1b8fdc09ff8d3789a",
    "https://deno.land/std@0.208.0/path/_common/common.ts": "9e4233b2eeb50f8b2ae10ecc2108f58583aea6fd3e8907827020282dc2b76143",
    "https://deno.land/std@0.208.0/path/_common/constants.ts": "e49961f6f4f48039c0dfed3c3f93e963ca3d92791c9d478ac5b43183413136e0",
    "https://deno.land/std@0.208.0/path/_common/dirname.ts": "2ba7fb4cc9fafb0f38028f434179579ce61d4d9e51296fad22b701c3d3cd7397",
    "https://deno.land/std@0.208.0/path/_common/format.ts": "11aa62e316dfbf22c126917f5e03ea5fe2ee707386555a8f513d27ad5756cf96",
    "https://deno.land/std@0.208.0/path/_common/from_file_url.ts": "ef1bf3197d2efbf0297a2bdbf3a61d804b18f2bcce45548ae112313ec5be3c22",
    "https://deno.land/std@0.208.0/path/_common/glob_to_reg_exp.ts": "5c3c2b79fc2294ec803d102bd9855c451c150021f452046312819fbb6d4dc156",
    "https://deno.land/std@0.208.0/path/_common/normalize.ts": "2ba7fb4cc9fafb0f38028f434179579ce61d4d9e51296fad22b701c3d3cd7397",
    "https://deno.land/std@0.208.0/path/_common/normalize_string.ts": "88c472f28ae49525f9fe82de8c8816d93442d46a30d6bb5063b07ff8a89ff589",
    "https://deno.land/std@0.208.0/path/_common/relative.ts": "1af19d787a2a84b8c534cc487424fe101f614982ae4851382c978ab2216186b4",
    "https://deno.land/std@0.208.0/path/_common/strip_trailing_separators.ts": "7ffc7c287e97bdeeee31b155828686967f222cd73f9e5780bfe7dfb1b58c6c65",
    "https://deno.land/std@0.208.0/path/_common/to_file_url.ts": "a8cdd1633bc9175b7eebd3613266d7c0b6ae0fb0cff24120b6092ac31662f9ae",
    "https://deno.land/std@0.208.0/path/_interface.ts": "6471159dfbbc357e03882c2266d21ef9afdb1e4aa771b0545e90db58a0ba314b",
    "https://deno.land/std@0.208.0/path/_os.ts": "30b0c2875f360c9296dbe6b7f2d528f0f9c741cecad2e97f803f5219e91b40a2",
    "https://deno.land/std@0.208.0/path/basename.ts": "04bb5ef3e86bba8a35603b8f3b69537112cdd19ce64b77f2522006da2977a5f3",
    "https://deno.land/std@0.208.0/path/common.ts": "f4d061c7d0b95a65c2a1a52439edec393e906b40f1caf4604c389fae7caa80f5",
    "https://deno.land/std@0.208.0/path/dirname.ts": "88a0a71c21debafc4da7a4cd44fd32e899462df458fbca152390887d41c40361",
    "https://deno.land/std@0.208.0/path/extname.ts": "2da4e2490f3b48b7121d19fb4c91681a5e11bd6bd99df4f6f47d7a71bb6ecdf2",
    "https://deno.land/std@0.208.0/path/format.ts": "3457530cc85d1b4bab175f9ae73998b34fd456c830d01883169af0681b8894fb",
    "https://deno.land/std@0.208.0/path/from_file_url.ts": "e7fa233ea1dff9641e8d566153a24d95010110185a6f418dd2e32320926043f8",
    "https://deno.land/std@0.208.0/path/glob_to_regexp.ts": "74d7448c471e293d03f05ccb968df4365fed6aaa508506b6325a8efdc01d8271",
    "https://deno.land/std@0.208.0/path/is_absolute.ts": "67232b41b860571c5b7537f4954c88d86ae2ba45e883ee37d3dec27b74909d13",
    "https://deno.land/std@0.208.0/path/is_glob.ts": "567dce5c6656bdedfc6b3ee6c0833e1e4db2b8dff6e62148e94a917f289c06ad",
    "https://deno.land/std@0.208.0/path/join.ts": "98d3d76c819af4a11a81d5ba2dbb319f1ce9d63fc2b615597d4bcfddd4a89a09",
    "https://deno.land/std@0.208.0/path/join_globs.ts": "9b84d5103b63d3dbed4b2cf8b12477b2ad415c7d343f1488505162dc0e5f4db8",
    "https://deno.land/std@0.208.0/path/mod.ts": "3defabebc98279e62b392fee7a6937adc932a8f4dcd2471441e36c15b97b00e0",
    "https://deno.land/std@0.208.0/path/normalize.ts": "aa95be9a92c7bd4f9dc0ba51e942a1973e2b93d266cd74f5ca751c136d520b66",
    "https://deno.land/std@0.208.0/path/normalize_glob.ts": "674baa82e1c00b6cb153bbca36e06f8e0337cb8062db6d905ab5de16076ca46b",
    "https://deno.land/std@0.208.0/path/parse.ts": "d87ff0deef3fb495bc0d862278ff96da5a06acf0625ca27769fc52ac0d3d6ece",
    "https://deno.land/std@0.208.0/path/posix/_util.ts": "ecf49560fedd7dd376c6156cc5565cad97c1abe9824f4417adebc7acc36c93e5",
    "https://deno.land/std@0.208.0/path/posix/basename.ts": "a630aeb8fd8e27356b1823b9dedd505e30085015407caa3396332752f6b8406a",
    "https://deno.land/std@0.208.0/path/posix/common.ts": "e781d395dc76f6282e3f7dd8de13194abb8b04a82d109593141abc6e95755c8b",
    "https://deno.land/std@0.208.0/path/posix/dirname.ts": "f48c9c42cc670803b505478b7ef162c7cfa9d8e751b59d278b2ec59470531472",
    "https://deno.land/std@0.208.0/path/posix/extname.ts": "ee7f6571a9c0a37f9218fbf510c440d1685a7c13082c348d701396cc795e0be0",
    "https://deno.land/std@0.208.0/path/posix/format.ts": "b94876f77e61bfe1f147d5ccb46a920636cd3cef8be43df330f0052b03875968",
    "https://deno.land/std@0.208.0/path/posix/from_file_url.ts": "b97287a83e6407ac27bdf3ab621db3fccbf1c27df0a1b1f20e1e1b5acf38a379",
    "https://deno.land/std@0.208.0/path/posix/glob_to_regexp.ts": "6ed00c71fbfe0ccc35977c35444f94e82200b721905a60bd1278b1b768d68b1a",
    "https://deno.land/std@0.208.0/path/posix/is_absolute.ts": "159900a3422d11069d48395568217eb7fc105ceda2683d03d9b7c0f0769e01b8",
    "https://deno.land/std@0.208.0/path/posix/is_glob.ts": "ec4fbc604b9db8487f7b56ab0e759b24a971ab6a45f7b0b698bc39b8b9f9680f",
    "https://deno.land/std@0.208.0/path/posix/join.ts": "0c0d84bdc344876930126640011ec1b888e6facf74153ffad9ef26813aa2a076",
    "https://deno.land/std@0.208.0/path/posix/join_globs.ts": "f4838d54b1f60a34a40625a3293f6e583135348be1b2974341ac04743cb26121",
    "https://deno.land/std@0.208.0/path/posix/mod.ts": "f1b08a7f64294b7de87fc37190d63b6ce5b02889af9290c9703afe01951360ae",
    "https://deno.land/std@0.208.0/path/posix/normalize.ts": "11de90a94ab7148cc46e5a288f7d732aade1d616bc8c862f5560fa18ff987b4b",
    "https://deno.land/std@0.208.0/path/posix/normalize_glob.ts": "10a1840c628ebbab679254d5fa1c20e59106102354fb648a1765aed72eb9f3f9",
    "https://deno.land/std@0.208.0/path/posix/parse.ts": "199208f373dd93a792e9c585352bfc73a6293411bed6da6d3bc4f4ef90b04c8e",
    "https://deno.land/std@0.208.0/path/posix/relative.ts": "e2f230608b0f083e6deaa06e063943e5accb3320c28aef8d87528fbb7fe6504c",
    "https://deno.land/std@0.208.0/path/posix/resolve.ts": "51579d83159d5c719518c9ae50812a63959bbcb7561d79acbdb2c3682236e285",
    "https://deno.land/std@0.208.0/path/posix/separator.ts": "0b6573b5f3269a3164d8edc9cefc33a02dd51003731c561008c8bb60220ebac1",
    "https://deno.land/std@0.208.0/path/posix/to_file_url.ts": "08d43ea839ee75e9b8b1538376cfe95911070a655cd312bc9a00f88ef14967b6",
    "https://deno.land/std@0.208.0/path/posix/to_namespaced_path.ts": "c9228a0e74fd37e76622cd7b142b8416663a9b87db643302fa0926b5a5c83bdc",
    "https://deno.land/std@0.208.0/path/relative.ts": "23d45ede8b7ac464a8299663a43488aad6b561414e7cbbe4790775590db6349c",
    "https://deno.land/std@0.208.0/path/resolve.ts": "5b184efc87155a0af9fa305ff68a109e28de9aee81fc3e77cd01380f19daf867",
    "https://deno.land/std@0.208.0/path/separator.ts": "40a3e9a4ad10bef23bc2cd6c610291b6c502a06237c2c4cd034a15ca78dedc1f",
    "https://deno.land/std@0.208.0/path/to_file_url.ts": "edaafa089e0bce386e1b2d47afe7c72e379ff93b28a5829a5885e4b6c626d864",
    "https://deno.land/std@0.208.0/path/to_namespaced_path.ts": "cf8734848aac3c7527d1689d2adf82132b1618eff3cc523a775068847416b22a",
    "https://deno.land/std@0.208.0/path/windows/_util.ts": "f32b9444554c8863b9b4814025c700492a2b57ff2369d015360970a1b1099d54",
    "https://deno.land/std@0.208.0/path/windows/basename.ts": "8a9dbf7353d50afbc5b221af36c02a72c2d1b2b5b9f7c65bf6a5a2a0baf88ad3",
    "https://deno.land/std@0.208.0/path/windows/common.ts": "e781d395dc76f6282e3f7dd8de13194abb8b04a82d109593141abc6e95755c8b",
    "https://deno.land/std@0.208.0/path/windows/dirname.ts": "5c2aa541384bf0bd9aca821275d2a8690e8238fa846198ef5c7515ce31a01a94",
    "https://deno.land/std@0.208.0/path/windows/extname.ts": "07f4fa1b40d06a827446b3e3bcc8d619c5546b079b8ed0c77040bbef716c7614",
    "https://deno.land/std@0.208.0/path/windows/format.ts": "343019130d78f172a5c49fdc7e64686a7faf41553268961e7b6c92a6d6548edf",
    "https://deno.land/std@0.208.0/path/windows/from_file_url.ts": "d53335c12b0725893d768be3ac6bf0112cc5b639d2deb0171b35988493b46199",
    "https://deno.land/std@0.208.0/path/windows/glob_to_regexp.ts": "290755e18ec6c1a4f4d711c3390537358e8e3179581e66261a0cf348b1a13395",
    "https://deno.land/std@0.208.0/path/windows/is_absolute.ts": "245b56b5f355ede8664bd7f080c910a97e2169972d23075554ae14d73722c53c",
    "https://deno.land/std@0.208.0/path/windows/is_glob.ts": "ec4fbc604b9db8487f7b56ab0e759b24a971ab6a45f7b0b698bc39b8b9f9680f",
    "https://deno.land/std@0.208.0/path/windows/join.ts": "e6600bf88edeeef4e2276e155b8de1d5dec0435fd526ba2dc4d37986b2882f16",
    "https://deno.land/std@0.208.0/path/windows/join_globs.ts": "f4838d54b1f60a34a40625a3293f6e583135348be1b2974341ac04743cb26121",
    "https://deno.land/std@0.208.0/path/windows/mod.ts": "d7040f461465c2c21c1c68fc988ef0bdddd499912138cde3abf6ad60c7fb3814",
    "https://deno.land/std@0.208.0/path/windows/normalize.ts": "9deebbf40c81ef540b7b945d4ccd7a6a2c5a5992f791e6d3377043031e164e69",
    "https://deno.land/std@0.208.0/path/windows/normalize_glob.ts": "344ff5ed45430495b9a3d695567291e50e00b1b3b04ea56712a2acf07ab5c128",
    "https://deno.land/std@0.208.0/path/windows/parse.ts": "120faf778fe1f22056f33ded069b68e12447668fcfa19540c0129561428d3ae5",
    "https://deno.land/std@0.208.0/path/windows/relative.ts": "026855cd2c36c8f28f1df3c6fbd8f2449a2aa21f48797a74700c5d872b86d649",
    "https://deno.land/std@0.208.0/path/windows/resolve.ts": "5ff441ab18a2346abadf778121128ee71bda4d0898513d4639a6ca04edca366b",
    "https://deno.land/std@0.208.0/path/windows/separator.ts": "ae21f27015f10510ed1ac4a0ba9c4c9c967cbdd9d9e776a3e4967553c397bd5d",
    "https://deno.land/std@0.208.0/path/windows/to_file_url.ts": "8e9ea9e1ff364aa06fa72999204229952d0a279dbb876b7b838b2b2fea55cce3",
    "https://deno.land/std@0.208.0/path/windows/to_namespaced_path.ts": "e0f4d4a5e77f28a5708c1a33ff24360f35637ba6d8f103d19661255ef7bfd50d",
    "https://deno.land/x/oauth2_client@v1.0.2/mod.ts": "ea54c0a894d3303a80552ca65835b5b104d16415343b24e191f08e7f5db90ff7",
    "https://deno.land/x/oauth2_client@v1.0.2/src/authorization_code_grant.ts": "36953750b75fb0a14fbf4e0e4bcc1d5ae0209d216d7b32f93a134b035ecf3d25",
    "https://deno.land/x/oauth2_client@v1.0.2/src/client_credentials_grant.ts": "5bb9869925c5f5d11e8d66a86da37e2353107d57f57ec3a1480e197462e79be5",
    "https://deno.land/x/oauth2_client@v1.0.2/src/errors.ts": "7603479b80386b5cc7e384c2af5f5262ed7c2123e4e297d9f21e95515f8a803a",
    "https://deno.land/x/oauth2_client@v1.0.2/src/grant_base.ts": "86ae9eb3495f2304a634498fbb83741c5dc0e1357e02c40e12e212de5e9750f7",
    "https://deno.land/x/oauth2_client@v1.0.2/src/implicit_grant.ts": "d5359aebbdaaff039c0d078890aa4ffa2869da19c521e535e15caf09c069e6b8",
    "https://deno.land/x/oauth2_client@v1.0.2/src/oauth2_client.ts": "4e5ec26676661a3f69544826a4c27b30cc07dfcfc77f86981c324aaa53291a11",
    "https://deno.land/x/oauth2_client@v1.0.2/src/pkce.ts": "d286a087cc8ef985b71a2bf391e9e9d86a78ac6d93e30c46e73006171aed0986",
    "https://deno.land/x/oauth2_client@v1.0.2/src/refresh_token_grant.ts": "22cb1598e48fb037b4111a446573f7b48a3b361b58de58af17ba097221b12b54",
    "https://deno.land/x/oauth2_client@v1.0.2/src/resource_owner_password_credentials.ts": "bd3df99d32eeebffb411c4a2d3c3d057395515fb41690a8d91460dd74b9bf466",
    "https://deno.land/x/oauth2_client@v1.0.2/src/types.ts": "3327c2e81bc483e91843fb103595dd304393c3ac2a530d1c89200b6a5cf75e13",
    "https://deno.land/x/xhr@0.3.0/mod.ts": "094aacd627fd9635cd942053bf8032b5223b909858fa9dc8ffa583752ff63b20",
    "https://esm.sh/ansi-styles@5.2.0/denonext/ansi-styles.mjs": "ce79e9ce88164eab82ecef3de86d7bc1ad9386964bd196d6891edc697bc3cbad",
    "https://esm.sh/ansi-styles@5.2.0?target=denonext": "b71334924fd0368f27f7392d49b6b34d0126e5e9563a19627249ae6d798bc836",
    "https://esm.sh/asynckit@0.4.0/denonext/asynckit.mjs": "4ef3be6eb52c104699b90ca5524db55ec15bc76b361432f05c16b6106279ba72",
    "https://esm.sh/asynckit@0.4.0?target=denonext": "c6bd8832d6d16b648e22d124a16d33c3a7f7076e92be9444f2e4f6b27545708d",
    "https://esm.sh/axios@0.26.1/denonext/axios.mjs": "e2f0edd4a82478e9dcfac1712e3f54781386754872ad621207db70f1608ada95",
    "https://esm.sh/axios@0.26.1?target=denonext": "af23662b600e9fad6a05c53407285dc2dddef97106c05d7c0d4304a675451a9a",
    "https://esm.sh/axios@1.7.9/denonext/axios.mjs": "85c4c6667562b8a7c13504d7d4691ad54c9099e97664314d791f0b1bc5c71b3a",
    "https://esm.sh/axios@1.7.9/denonext/lib/adapters/http.mjs": "07a1579baeebe644410f0cc820addc26efd5902fdea2d8a9a78faca9140157f4",
    "https://esm.sh/axios@1.7.9/denonext/lib/adapters/xhr.mjs": "d457e7263206ef1530700e504dfa239dfc6d4b7acc6ee307f282e7d9f478cee6",
    "https://esm.sh/axios@1.7.9/denonext/lib/cancel/CanceledError.mjs": "11a978f849567e51a3339fabf34affc0e37cb12a589d272f45ccb7ba5166bb00",
    "https://esm.sh/axios@1.7.9/denonext/lib/core/AxiosError.mjs": "08e3367ba5822f8d1d2371108110155ac8446c28783179bed612993ae39f2d7e",
    "https://esm.sh/axios@1.7.9/denonext/lib/core/AxiosHeaders.mjs": "72323f720e992ba1ac9cb9f5375efc11dcb93438410a9c30b00ecf02e01eeb40",
    "https://esm.sh/axios@1.7.9/denonext/lib/core/mergeConfig.mjs": "7abf8de8e52a6f111559f3e86a33a8c14c7c1e8dc2027affc6145f20941dd53a",
    "https://esm.sh/axios@1.7.9/denonext/lib/defaults/transitional.mjs": "3b86e7dcd9c1c958e36a9cf83931745dd104bf8567f895b6cf1feeccc3b7e7f2",
    "https://esm.sh/axios@1.7.9/denonext/lib/helpers/AxiosURLSearchParams.mjs": "5a70e97a03dfa2f00a98df190e9bb5cb82842a0753bb104707f2e21380f3166c",
    "https://esm.sh/axios@1.7.9/denonext/lib/helpers/bind.mjs": "566b3d76467f5b36ee1f7913ec3b47adaed3462a5140a8e5f45f3eb16ea95f25",
    "https://esm.sh/axios@1.7.9/denonext/lib/helpers/progressEventReducer.mjs": "6b78130bfb1f880dbf0a6f550e7d604da204cdcb08176522d2e3f68b34d2f792",
    "https://esm.sh/axios@1.7.9/denonext/lib/helpers/resolveConfig.mjs": "25a941d37a0c5e5e26453dc732f5cbf026d441b3acbf9ee6ab53fc53bd832948",
    "https://esm.sh/axios@1.7.9/denonext/lib/helpers/toFormData.mjs": "c896b5ff5735ff624c21ebe4fe2c33f79652ed0ebe08df57770324f529081601",
    "https://esm.sh/axios@1.7.9/denonext/lib/platform/index.mjs": "87ea40ce9fafb9d5cd85c0e7803e486a8d07c2ba962610649558c4766b4dbdd9",
    "https://esm.sh/axios@1.7.9/denonext/unsafe/core/buildFullPath.mjs": "ee3ae97c98b883f2e75be6e6e409e7832bc9073e7eab228e89ddf9de9e7e4fde",
    "https://esm.sh/axios@1.7.9/denonext/unsafe/core/settle.mjs": "eaacb0d46d199e3ae061be861de09f7c503958f9e1c92d7fdf46c084fbe2b5c6",
    "https://esm.sh/axios@1.7.9/denonext/unsafe/helpers/buildURL.mjs": "657552aceaccfd889ed8e54f5b73e286da8eedf6c140dbc2e6c7ee7cba294141",
    "https://esm.sh/axios@1.7.9/denonext/unsafe/helpers/combineURLs.mjs": "b93d3b205342682d357e1c78d0145638095005a5cb9a7e6684f7498adce0c1bd",
    "https://esm.sh/axios@1.7.9/denonext/unsafe/helpers/isAbsoluteURL.mjs": "05a644b2c55eabec8c3428ab40f6afad729a49bbe336361e9c27484a5db7fbfe",
    "https://esm.sh/axios@1.7.9/denonext/unsafe/utils.mjs": "630864dd3be1e536289d7abbe477a797dc39d19b8c097b48ef90842e84c291fa",
    "https://esm.sh/axios@1.7.9?target=denonext": "4f0cb140ed6c9bb58e932561d61c212177daa22066290f95bda78784a675e546",
    "https://esm.sh/base64-js@1.5.1/denonext/base64-js.mjs": "5dbae8a1d8f5789da21736786f9921727523b5ccc64cbcf9f831331c381957dc",
    "https://esm.sh/base64-js@1.5.1?target=denonext": "7c2f775b41bd5df47fedaa143e6619625c9d81f34302d6aa030e20d9a7240633",
    "https://esm.sh/combined-stream@1.0.8/denonext/combined-stream.mjs": "364b91aa4c33e5f0b4075949d93a3407b21a8695031e7c2be29999d588f9ca2c",
    "https://esm.sh/combined-stream@1.0.8?target=denonext": "a0c89b8b29494e966774c7a708e33cc2df16a0bbe2279c841d088e169e7ab3c4",
    "https://esm.sh/debug@4.4.0/denonext/debug.mjs": "3077d1ff15cfc5b7baee65b0c00b3200aef8ab51ddddfa960972957c347c1cee",
    "https://esm.sh/debug@4.4.0?target=denonext": "dc29873ca5518385fcbddb2b2fa0f3b31dc6463ba52bdd790818683b9dbdc6ad",
    "https://esm.sh/delayed-stream@1.0.0/denonext/delayed-stream.mjs": "051a3501b7b3d3c593b78a2c7305093a8e363c518cd156f1a77117185e312abe",
    "https://esm.sh/delayed-stream@1.0.0?target=denonext": "d363b81e01f4c886114df14aa660c1a938bbb4be851ff12132260bed0db6126e",
    "https://esm.sh/eventemitter3@4.0.7/denonext/eventemitter3.mjs": "d26d8683d890f259d39cc334512a888d3079917477d7eb10c3cd3775831cdcc3",
    "https://esm.sh/eventemitter3@4.0.7?target=denonext": "84748b6b17ebdb58719651ec0b5e6f84e5923d97f43231c5835d74be6ce050f1",
    "https://esm.sh/follow-redirects@1.15.9/denonext/follow-redirects.mjs": "90866d22d80eface74d3161906835600fbb1d5c9ded05dc72fd55b40960cfce7",
    "https://esm.sh/follow-redirects@1.15.9?target=denonext": "c8028ec9d980a1974362377614a4978d1556ba85a75bc32526e8917bede535d1",
    "https://esm.sh/form-data@4.0.1/denonext/form-data.mjs": "b51c64cee153fb3b94f437444007a134523e3b16d2713a3b8b7ef97bbe46dd12",
    "https://esm.sh/form-data@4.0.1?target=denonext": "12c5cd01c82458738f858b5f94f2a9a44732aa6b03f755f00cb655d6faed1077",
    "https://esm.sh/js-tiktoken@1.0.16/denonext/dist/chunk-3652LHBA.mjs": "262944abb84fff78a0769cba0c9497b2375a319f097a8eb571b725b3f3394a29",
    "https://esm.sh/js-tiktoken@1.0.16/denonext/lite.mjs": "e0c349c5d178ee1e759be5f4150c05c343efcd4b61095eab9dded4d30fc80f7f",
    "https://esm.sh/js-tiktoken@1.0.16/lite?target=denonext": "32bf383d193cba0599b282ce1586637c356a97f5439091578f32bb7aad823019",
    "https://esm.sh/langchain@0.0.77": "be99e76c2046bb929b8c12768a434387e840e84227e105ff36d0181f27be5664",
    "https://esm.sh/langchain@0.0.77/denonext/dist/base_language/count_tokens.mjs": "79f7c9ee21a16a83a3c46839239f922ae0bcf6f06a9b929aa9c88c7d398d600c",
    "https://esm.sh/langchain@0.0.77/denonext/dist/base_language/index.mjs": "a984c4aa4e8f0d9982a5cd173499aee259ab0bd2f3b2ca55ebe2551d7a0acfc2",
    "https://esm.sh/langchain@0.0.77/denonext/dist/cache/base.mjs": "471140877c3cc7c3fde698696a27827ca3831030a6a57e27d85a31824f7c5c5c",
    "https://esm.sh/langchain@0.0.77/denonext/dist/cache/index.mjs": "c1ecec40d6e08336b9781f3afcaab7a15648e36c3a0977f1f5a8b19c7fcd6d50",
    "https://esm.sh/langchain@0.0.77/denonext/dist/callbacks/base.mjs": "695019d390409b5f689c11f230c14e84e81e861c533a8323a66ad7963846ee07",
    "https://esm.sh/langchain@0.0.77/denonext/dist/callbacks/handlers/console.mjs": "db674cbc957c10924e5c475f6bf5e88cda03034ae98e8f42507212001aa1bd74",
    "https://esm.sh/langchain@0.0.77/denonext/dist/callbacks/handlers/initialize.mjs": "dd9bfbd7f05245e76a1c8deb4a06129edeedfe1ad6e52f79e02e918614a23cab",
    "https://esm.sh/langchain@0.0.77/denonext/dist/callbacks/handlers/tracer.mjs": "f1555250c9625f5b13e2288f97cb933c8f72362788cf676a39f479e5cbd23aed",
    "https://esm.sh/langchain@0.0.77/denonext/dist/callbacks/handlers/tracer_langchain.mjs": "da34801d6c8cc98277f3160e96cb993b16c13c70a4d9e16955e246f0c3b9d6f0",
    "https://esm.sh/langchain@0.0.77/denonext/dist/callbacks/handlers/tracer_langchain_v1.mjs": "7e00f07af8c82fbaaff83a1849a506a05c4f41c986336c128cec545c2afb197d",
    "https://esm.sh/langchain@0.0.77/denonext/dist/callbacks/manager.mjs": "0123f7b1d5fb02385bed93fb3d354db2c38b88eeec0505ecb0806219a5b481ba",
    "https://esm.sh/langchain@0.0.77/denonext/dist/chains/base.mjs": "22acd3a504c924bd7c3a4c99d92bda1a7a6dac6f81fee418b8e0e4b2ec385a14",
    "https://esm.sh/langchain@0.0.77/denonext/dist/chains/combine_docs_chain.mjs": "aba05b7c3e04c78cfa5d5898b326936f7fa322581299a14ef69f1f4c9de1a588",
    "https://esm.sh/langchain@0.0.77/denonext/dist/chains/llm_chain.mjs": "aa4acffb2ec8b4ce3333131582898967a5704d7f149644686d61999ae9bb1bfd",
    "https://esm.sh/langchain@0.0.77/denonext/dist/chains/question_answering/load.mjs": "78fc856e17ea9527190e2d5b7640d93277fad83a2c72366c051d2bfc9a3ca68b",
    "https://esm.sh/langchain@0.0.77/denonext/dist/chains/sequential_chain.mjs": "cf5b91b4ae8218f29cba70d1c570b63b5378f7edb8f044ad22edbaa37a26233f",
    "https://esm.sh/langchain@0.0.77/denonext/dist/chains/vector_db_qa.mjs": "67be137ffebbd79d8fa17723aee3fd867967de090ca52adcd0df4a3d429258dc",
    "https://esm.sh/langchain@0.0.77/denonext/dist/chat_models/base.mjs": "ec1fc379df018c4f4aa909a7dd200cc69ba13f5f7f4a69cc17dbf2ab38ea9c03",
    "https://esm.sh/langchain@0.0.77/denonext/dist/chat_models/openai.mjs": "2546a822263dd33ba4d148a9ed61914e38f8ecc45b2bec23703aacd52ae12adc",
    "https://esm.sh/langchain@0.0.77/denonext/dist/document.mjs": "16e323100f19d4c1476c905aa325575f87bed0513b6a3e65c028b52d1e3a678c",
    "https://esm.sh/langchain@0.0.77/denonext/dist/llms/base.mjs": "1f35183fe243110358908cc3a85e4df39738a779c499b86a05cad6bd539e6942",
    "https://esm.sh/langchain@0.0.77/denonext/dist/llms/openai-chat.mjs": "a3c3a26106c693f418e730b976f74321f0d9e7a8f211c4b859461ceb62129d9f",
    "https://esm.sh/langchain@0.0.77/denonext/dist/llms/openai.mjs": "8d913eddc80197a1f096ce61e7f70472fb4c9a9fae40be73b2d4872cdf91cf2a",
    "https://esm.sh/langchain@0.0.77/denonext/dist/memory/base.mjs": "61ebfec4aca723c01da7025f7669d5f7cce39ef2169a993b1e552d7015e637e3",
    "https://esm.sh/langchain@0.0.77/denonext/dist/prompts/base.mjs": "c2a14a1b52b631332c9e5416c1b8c4634d21435f6f5398b679ec1813ca9aa7a8",
    "https://esm.sh/langchain@0.0.77/denonext/dist/prompts/chat.mjs": "5ee9ae613fc305350e8bc838ac06bf08e08e10e0b1b598a78f6455204c03e30f",
    "https://esm.sh/langchain@0.0.77/denonext/dist/prompts/few_shot.mjs": "a104aeac998175a3e1dee936d9dd20e6cba0f0492ef402991dd94e720c296d5d",
    "https://esm.sh/langchain@0.0.77/denonext/dist/prompts/index.mjs": "80362afb861e50e9f2023edeb08f5cd32a0a3e84e105e3dc58bfbde6499bf52c",
    "https://esm.sh/langchain@0.0.77/denonext/dist/prompts/prompt.mjs": "3bcc2edd3d67821dc3cc0fd9699ce8ca00307eb411e06cc5200540add7cdab24",
    "https://esm.sh/langchain@0.0.77/denonext/dist/prompts/selectors/conditional.mjs": "f00e2e7e21188e2608b9b9dbc9cf040d38b402ada374a25ff7916b90f0fe0dfc",
    "https://esm.sh/langchain@0.0.77/denonext/dist/prompts/template.mjs": "d2fcfff0160de916cbcb389071fa9f0be4f8cfe00f167f3dc229b5306cc61feb",
    "https://esm.sh/langchain@0.0.77/denonext/dist/schema/index.mjs": "4970a703027bf8d8aa74d8c8e4f2168c83b1926465ef7a43bc1dcfdf20ad9998",
    "https://esm.sh/langchain@0.0.77/denonext/dist/util/async_caller.mjs": "8ed1ec7a565577c9262a4425d6b1237e9319d1ae9de67eaa2033c6e5a9bf07b4",
    "https://esm.sh/langchain@0.0.77/denonext/dist/util/axios-fetch-adapter.mjs": "2f5e9d127ec5ddd2ff3d91a5fd5299e8a7f1d77822b2f57f14eee67a5e5cb95d",
    "https://esm.sh/langchain@0.0.77/denonext/dist/util/chunk.mjs": "ba8b9ec25bbf6977886384be02c00688b9144ed67b221603a4dc9c36b95fa9bc",
    "https://esm.sh/langchain@0.0.77/denonext/dist/util/env.mjs": "1ffefd16133cccaa0b9efa3c22fadb802370f1b98cf835e8bbf94eb09a5ae2ba",
    "https://esm.sh/langchain@0.0.77/denonext/dist/util/tiktoken.mjs": "94cad9dbe83659733f40586647c5e4714c7674dac6e72653911a6221c2945161",
    "https://esm.sh/langchain@0.0.77/denonext/langchain.mjs": "45892b1be5bd44162e648740270c0d2962c874193128af1718c395849b8d5032",
    "https://esm.sh/mime-db@1.52.0/denonext/mime-db.mjs": "f93feb3d7150014b71bd0d06c5bd819db56a089b31b8b79a3b0466bb37ef005e",
    "https://esm.sh/mime-types@2.1.35/denonext/mime-types.mjs": "704bdb318816fe1360c90a196f7cb3ba6e25fe207707cc2df873f890ad2e5f44",
    "https://esm.sh/mime-types@2.1.35?target=denonext": "e4cc9a1aabecc1be22d194375ec3b99cc9d51700cc4629ab689975451c0a8ce5",
    "https://esm.sh/ms@2.1.3/denonext/ms.mjs": "9039464da1f4ae1c2042742d335c82556c048bbe49449b5d0cd5198193afa147",
    "https://esm.sh/ms@2.1.3?target=denonext": "36f5aa7503ff0ff44ce9e3155a60362d8d3ae5db8db048be5764a3a515b6a263",
    "https://esm.sh/object-hash@3.0.0/denonext/object-hash.mjs": "a0de679d08f71d0ef12da988f1be37af4d050e5ef55e8a35d90d7d3489b3e9da",
    "https://esm.sh/object-hash@3.0.0?target=denonext": "e218e75f3503f2bdd9f9b758658a59f8ce0a76c387ec49e979b5d2039373a97d",
    "https://esm.sh/openai@3.3.0/denonext/openai.mjs": "fadf4b02ab5f6326e42ad2f03a225c9ff5c1e3a66bb7ca28c02b7ee7df186e23",
    "https://esm.sh/openai@3.3.0?target=denonext": "eb431bb44eb6eb9816fe5af4d7b5432da9e1c5c03157431b4dc9ee3cdc56135c",
    "https://esm.sh/p-finally@1.0.0/denonext/p-finally.mjs": "4ab48327cfc4a6201caf9959bba7266be5d8e244ab38629da72cd9d97047cbd3",
    "https://esm.sh/p-finally@1.0.0?target=denonext": "677491f8ccddd3558bc69e4eb7d25aaaf62b320a993720cdd07ad187626181df",
    "https://esm.sh/p-queue@6.6.2/denonext/p-queue.mjs": "c704b88188a36441c0a167a738e5c5fa84056c825ee3f5075f131b432ee1a0b7",
    "https://esm.sh/p-queue@6.6.2?target=denonext": "146f529aa59344e7144aa37ab0c42eb0a6ff803849102f3941e247665c7d97b0",
    "https://esm.sh/p-retry@4.6.2/denonext/p-retry.mjs": "201a432807b70b43475e6d40db8d51ecee8307925878b365a748587bccccd929",
    "https://esm.sh/p-retry@4.6.2?target=denonext": "ccfadc4b5fb4a29393fa61e869c925e99b1304e605ccb8d7930ffec0260e0576",
    "https://esm.sh/p-timeout@3.2.0/denonext/p-timeout.mjs": "03841210df63caa4676f5501ada713604f9822d01a84f19cf404800c3241e27d",
    "https://esm.sh/p-timeout@3.2.0?target=denonext": "ed0ab87bbb2df413120ed4592d2f30bba7cdc11cbdcba91e810bb98bdb5057ae",
    "https://esm.sh/proxy-from-env@1.1.0/denonext/proxy-from-env.mjs": "f60f9c79fc3baa07c13c800798d645ae70d1b2059b8d593dcd4f8c5710b50333",
    "https://esm.sh/proxy-from-env@1.1.0?target=denonext": "bf02a050a1a6aa56ddba25dbea2c355da294630e5c5520fddea4b2f30a9292bc",
    "https://esm.sh/retry@0.13.1/denonext/retry.mjs": "5c13e3bef93acedbd39ce3721c8721730dcfc03f241849463a81f00ad5e67819",
    "https://esm.sh/retry@0.13.1?target=denonext": "dacad23319e574ff0f3f99524f394c14a71edebcee0b47a8a1f6213238e76fde",
    "https://esm.sh/supports-color@10.0.0/denonext/supports-color.mjs": "239cd39d0828e1a018dee102748da869b1b75c38fe6a9c0c8f0bd4ffbd3e1ea1",
    "https://esm.sh/supports-color@10.0.0?target=denonext": "4895255248e4ba0cbcce9437003dccf3658b1ac1d1e8eba5225fb8194c454ee1",
    "https://esm.sh/uuid@9.0.1/denonext/uuid.mjs": "25ffc9943d4b3691671de82d30c147ecfa2a8fae6f4319db28dadb0dacc19450",
    "https://esm.sh/uuid@9.0.1?target=denonext": "11c38693969f62a617de5ceee47ddc29ae892ae81491378a933436788fad3c8b"
  },
  "workspace": {
    "packageJson": {
      "dependencies": [
        "npm:@hookform/resolvers@^3.9.1",
        "npm:@radix-ui/react-accordion@^1.2.2",
        "npm:@radix-ui/react-alert-dialog@^1.1.4",
        "npm:@radix-ui/react-aspect-ratio@^1.1.1",
        "npm:@radix-ui/react-avatar@^1.1.2",
        "npm:@radix-ui/react-checkbox@^1.1.3",
        "npm:@radix-ui/react-collapsible@^1.1.2",
        "npm:@radix-ui/react-context-menu@^2.2.4",
        "npm:@radix-ui/react-dialog@^1.1.4",
        "npm:@radix-ui/react-dropdown-menu@^2.1.4",
        "npm:@radix-ui/react-hover-card@^1.1.4",
        "npm:@radix-ui/react-label@^2.1.1",
        "npm:@radix-ui/react-menubar@^1.1.4",
        "npm:@radix-ui/react-navigation-menu@^1.2.3",
        "npm:@radix-ui/react-popover@^1.1.4",
        "npm:@radix-ui/react-progress@^1.1.1",
        "npm:@radix-ui/react-radio-group@^1.2.2",
        "npm:@radix-ui/react-scroll-area@^1.2.2",
        "npm:@radix-ui/react-select@^2.1.4",
        "npm:@radix-ui/react-separator@^1.1.1",
        "npm:@radix-ui/react-slider@^1.2.2",
        "npm:@radix-ui/react-slot@^1.1.1",
        "npm:@radix-ui/react-switch@^1.1.2",
        "npm:@radix-ui/react-tabs@^1.1.2",
        "npm:@radix-ui/react-toast@^1.2.4",
        "npm:@radix-ui/react-toggle-group@^1.1.1",
        "npm:@radix-ui/react-toggle@^1.1.1",
        "npm:@radix-ui/react-tooltip@^1.1.6",
        "npm:@supabase/auth-helpers-nextjs@0.10",
        "npm:@supabase/ssr@~0.5.2",
        "npm:@supabase/supabase-js@^2.48.0",
        "npm:@types/node@22",
        "npm:@types/react-dom@18",
        "npm:@types/react@18",
        "npm:autoprefixer@^10.4.20",
        "npm:class-variance-authority@~0.7.1",
        "npm:clsx@^2.1.1",
        "npm:cmdk@1.0.4",
        "npm:date-fns@4.1.0",
        "npm:embla-carousel-react@8.5.1",
        "npm:input-otp@1.4.1",
        "npm:lucide-react@0.454",
        "npm:next-themes@~0.4.4",
        "npm:next@14.2.16",
        "npm:postcss@8",
        "npm:react-day-picker@8.10.1",
        "npm:react-dom@18",
        "npm:react-hook-form@^7.54.1",
        "npm:react-resizable-panels@^2.1.7",
        "npm:react@18",
        "npm:recharts@2.15.0",
        "npm:sonner@^1.7.1",
        "npm:supabase@^2.6.8",
        "npm:tailwind-merge@^2.5.5",
        "npm:tailwindcss-animate@^1.0.7",
        "npm:tailwindcss@^3.4.17",
        "npm:typescript@5",
        "npm:vaul@~0.9.6",
        "npm:zod@^3.24.1"
      ]
    }
  }
}
